// !$*UTF8*$!
{
	archiveVersion = 1;
	classes = {
	};
	objectVersion = 77;
	objects = {

/* Begin PBXBuildFile section */
		041E0B882D54613B00BE6C0E /* Y3Z9AetherChatNode.swift in Sources */ = {isa = PBXBuildFile; fileRef = 041E0B872D54613B00BE6C0E /* Y3Z9AetherChatNode.swift */; };
		041E0B8B2D54900100BE6C0E /* QXZTUsetaCore.swift in Sources */ = {isa = PBXBuildFile; fileRef = 041E0B892D54900100BE6C0E /* QXZTUsetaCore.swift */; };
		041E0B8C2D54900100BE6C0E /* QXZTUsetaCore.xib in Resources */ = {isa = PBXBuildFile; fileRef = 041E0B8A2D54900100BE6C0E /* QXZTUsetaCore.xib */; };
		041E0B8F2D54903500BE6C0E /* LQXPRDataModule.swift in Sources */ = {isa = PBXBuildFile; fileRef = 041E0B8D2D54903500BE6C0E /* LQXPRDataModule.swift */; };
		041E0B902D54903500BE6C0E /* LQXPRDataModule.xib in Resources */ = {isa = PBXBuildFile; fileRef = 041E0B8E2D54903500BE6C0E /* LQXPRDataModule.xib */; };
		041E0B932D549D5400BE6C0E /* L3V8EchoCommentary.swift in Sources */ = {isa = PBXBuildFile; fileRef = 041E0B912D549D5400BE6C0E /* L3V8EchoCommentary.swift */; };
		041E0B942D549D5400BE6C0E /* L3V8EchoCommentary.xib in Resources */ = {isa = PBXBuildFile; fileRef = 041E0B922D549D5400BE6C0E /* L3V8EchoCommentary.xib */; };
		041E0B972D54A8B500BE6C0E /* Z5WanceCore.swift in Sources */ = {isa = PBXBuildFile; fileRef = 041E0B952D54A8B500BE6C0E /* Z5WanceCore.swift */; };
		041E0B982D54A8B500BE6C0E /* Z5WanceCore.xib in Resources */ = {isa = PBXBuildFile; fileRef = 041E0B962D54A8B500BE6C0E /* Z5WanceCore.xib */; };
		041E0B9B2D54AF7400BE6C0E /* M4Z9nceNode.swift in Sources */ = {isa = PBXBuildFile; fileRef = 041E0B992D54AF7400BE6C0E /* M4Z9nceNode.swift */; };
		041E0B9C2D54AF7400BE6C0E /* M4Z9nceNode.xib in Resources */ = {isa = PBXBuildFile; fileRef = 041E0B9A2D54AF7400BE6C0E /* M4Z9nceNode.xib */; };
		041E0BA42D55D92700BE6C0E /* BVXUEdandler.xib in Resources */ = {isa = PBXBuildFile; fileRef = 041E0BA32D55D92700BE6C0E /* BVXUEdandler.xib */; };
		041E0BA52D55D92700BE6C0E /* BVXUEdandler.swift in Sources */ = {isa = PBXBuildFile; fileRef = 041E0BA22D55D92700BE6C0E /* BVXUEdandler.swift */; };
		04347A2F2D642C7F0098D1A0 /* SVProgressHUD in Frameworks */ = {isa = PBXBuildFile; productRef = 04347A2E2D642C7F0098D1A0 /* SVProgressHUD */; };
		0439A6662D533035004C86C2 /* X9R6QuantumPlayer.swift in Sources */ = {isa = PBXBuildFile; fileRef = 0439A6652D533035004C86C2 /* X9R6QuantumPlayer.swift */; };
		0439A6682D5354FC004C86C2 /* XQZPDataNode.swift in Sources */ = {isa = PBXBuildFile; fileRef = 0439A6672D5354FC004C86C2 /* XQZPDataNode.swift */; };
		0439A66A2D5364FA004C86C2 /* LZQomChatCell.swift in Sources */ = {isa = PBXBuildFile; fileRef = 0439A6692D5364FA004C86C2 /* LZQomChatCell.swift */; };
		0448DC822D3E4EAF000E638C /* MOjiToGTEH.plist in Resources */ = {isa = PBXBuildFile; fileRef = 0448DC812D3E4EAF000E638C /* MOjiToGTEH.plist */; };
		0448DC842D3E542E000E638C /* GTEHVieedeol.plist in Resources */ = {isa = PBXBuildFile; fileRef = 0448DC832D3E542E000E638C /* GTEHVieedeol.plist */; };
		04AB58012D39EBA400DDC681 /* AppDelegate.swift in Sources */ = {isa = PBXBuildFile; fileRef = 04AB57F72D39EBA400DDC681 /* AppDelegate.swift */; };
		04AB58042D39EBA400DDC681 /* Assets.xcassets in Resources */ = {isa = PBXBuildFile; fileRef = 04AB57F82D39EBA400DDC681 /* Assets.xcassets */; };
		04AB58062D39EBA400DDC681 /* LaunchScreen.storyboard in Resources */ = {isa = PBXBuildFile; fileRef = 04AB57FB2D39EBA400DDC681 /* LaunchScreen.storyboard */; };
		04AB580A2D39F73400DDC681 /* XPLRInitHandler.swift in Sources */ = {isa = PBXBuildFile; fileRef = 04AB58082D39F73400DDC681 /* XPLRInitHandler.swift */; };
		04AB580B2D39F73400DDC681 /* XPLRInitHandler.xib in Resources */ = {isa = PBXBuildFile; fileRef = 04AB58092D39F73400DDC681 /* XPLRInitHandler.xib */; };
		04AB580E2D3A02CA00DDC681 /* WDKRSessionNode.swift in Sources */ = {isa = PBXBuildFile; fileRef = 04AB580C2D3A02CA00DDC681 /* WDKRSessionNode.swift */; };
		04AB580F2D3A02CA00DDC681 /* WDKRSessionNode.xib in Resources */ = {isa = PBXBuildFile; fileRef = 04AB580D2D3A02CA00DDC681 /* WDKRSessionNode.xib */; };
		04AB58122D3A095A00DDC681 /* QYVXDataPoint.swift in Sources */ = {isa = PBXBuildFile; fileRef = 04AB58102D3A095A00DDC681 /* QYVXDataPoint.swift */; };
		04AB58132D3A095A00DDC681 /* QYVXDataPoint.xib in Resources */ = {isa = PBXBuildFile; fileRef = 04AB58112D3A095A00DDC681 /* QYVXDataPoint.xib */; };
		04AB58152D3A293900DDC681 /* ZLNXWidgetCore.swift in Sources */ = {isa = PBXBuildFile; fileRef = 04AB58142D3A293900DDC681 /* ZLNXWidgetCore.swift */; };
		04AB58192D3A2C6400DDC681 /* Z5Q8VortexBrew.swift in Sources */ = {isa = PBXBuildFile; fileRef = 04AB58172D3A2C6400DDC681 /* Z5Q8VortexBrew.swift */; };
		04AB581A2D3A2C6400DDC681 /* Z5Q8VortexBrew.xib in Resources */ = {isa = PBXBuildFile; fileRef = 04AB58182D3A2C6400DDC681 /* Z5Q8VortexBrew.xib */; };
		04AB581F2D3A2C9600DDC681 /* KXPRHomePage.swift in Sources */ = {isa = PBXBuildFile; fileRef = 04AB581D2D3A2C9600DDC681 /* KXPRHomePage.swift */; };
		04AB58202D3A2C9600DDC681 /* KXPRHafgage.xib in Resources */ = {isa = PBXBuildFile; fileRef = 04AB581E2D3A2C9600DDC681 /* KXPRHafgage.xib */; };
		04AB58232D3A2CA200DDC681 /* VYKEFlowManager.swift in Sources */ = {isa = PBXBuildFile; fileRef = 04AB58212D3A2CA200DDC681 /* VYKEFlowManager.swift */; };
		04AB58242D3A2CA200DDC681 /* VYKEFlowManager.xib in Resources */ = {isa = PBXBuildFile; fileRef = 04AB58222D3A2CA200DDC681 /* VYKEFlowManager.xib */; };
		04AB58292D3A372000DDC681 /* F7L9NebulaAnchor.swift in Sources */ = {isa = PBXBuildFile; fileRef = 04AB58272D3A372000DDC681 /* F7L9NebulaAnchor.swift */; };
		04AB582A2D3A372000DDC681 /* F7L9NebulaAnchor.xib in Resources */ = {isa = PBXBuildFile; fileRef = 04AB58282D3A372000DDC681 /* F7L9NebulaAnchor.xib */; };
		04AB582D2D3A3AE500DDC681 /* X7T9NebulaTalkCell.swift in Sources */ = {isa = PBXBuildFile; fileRef = 04AB582B2D3A3AE500DDC681 /* X7T9NebulaTalkCell.swift */; };
		04AB582E2D3A3AE500DDC681 /* X7T9NebulaTalkCell.xib in Resources */ = {isa = PBXBuildFile; fileRef = 04AB582C2D3A3AE500DDC681 /* X7T9NebulaTalkCell.xib */; };
		04E127F42D3F4EAC0004430E /* KZQXPopularDrink.swift in Sources */ = {isa = PBXBuildFile; fileRef = 04E127F22D3F4EAC0004430E /* KZQXPopularDrink.swift */; };
		04E127F52D3F4EAC0004430E /* KZQXPopularDrink.xib in Resources */ = {isa = PBXBuildFile; fileRef = 04E127F32D3F4EAC0004430E /* KZQXPopularDrink.xib */; };
		04E127F82D3F50990004430E /* VQZTPopularItemCell.swift in Sources */ = {isa = PBXBuildFile; fileRef = 04E127F62D3F50990004430E /* VQZTPopularItemCell.swift */; };
		04E127F92D3F50990004430E /* VQZTPopularItemCell.xib in Resources */ = {isa = PBXBuildFile; fileRef = 04E127F72D3F50990004430E /* VQZTPopularItemCell.xib */; };
		04E127FD2D3F71510004430E /* Z8K5VortexMessageHub.swift in Sources */ = {isa = PBXBuildFile; fileRef = 04E127FB2D3F71510004430E /* Z8K5VortexMessageHub.swift */; };
		04E127FE2D3F71510004430E /* Z8K5VortexMessageHub.xib in Resources */ = {isa = PBXBuildFile; fileRef = 04E127FC2D3F71510004430E /* Z8K5VortexMessageHub.xib */; };
		04E128012D3F717B0004430E /* QX7RSearchPulseCore.swift in Sources */ = {isa = PBXBuildFile; fileRef = 04E127FF2D3F717B0004430E /* QX7RSearchPulseCore.swift */; };
		04E128022D3F717B0004430E /* QX7RSearchPulseCore.xib in Resources */ = {isa = PBXBuildFile; fileRef = 04E128002D3F717B0004430E /* QX7RSearchPulseCore.xib */; };
		04E128052D3F71D50004430E /* W4X2AetherMixCore.swift in Sources */ = {isa = PBXBuildFile; fileRef = 04E128032D3F71D50004430E /* W4X2AetherMixCore.swift */; };
		04E128062D3F71D50004430E /* W4X2AetherMixCore.xib in Resources */ = {isa = PBXBuildFile; fileRef = 04E128042D3F71D50004430E /* W4X2AetherMixCore.xib */; };
		04E1280A2D3F72390004430E /* XYTomConfiguration.swift in Sources */ = {isa = PBXBuildFile; fileRef = 04E128082D3F72390004430E /* XYTomConfiguration.swift */; };
		04E1280B2D3F72390004430E /* XYTomConfiguration.xib in Resources */ = {isa = PBXBuildFile; fileRef = 04E128092D3F72390004430E /* XYTomConfiguration.xib */; };
		04E1280F2D3F72840004430E /* KPTZAchievementDetail.swift in Sources */ = {isa = PBXBuildFile; fileRef = 04E1280D2D3F72840004430E /* KPTZAchievementDetail.swift */; };
		04E128102D3F72840004430E /* KPTZAchievementDetail.xib in Resources */ = {isa = PBXBuildFile; fileRef = 04E1280E2D3F72840004430E /* KPTZAchievementDetail.xib */; };
		04E128132D3F730D0004430E /* ZPXQStepDetailView.swift in Sources */ = {isa = PBXBuildFile; fileRef = 04E128112D3F730D0004430E /* ZPXQStepDetailView.swift */; };
		04E128142D3F730D0004430E /* ZPXQStepDetailView.xib in Resources */ = {isa = PBXBuildFile; fileRef = 04E128122D3F730D0004430E /* ZPXQStepDetailView.xib */; };
		04E128172D3F988B0004430E /* PLQXDataDetailView.swift in Sources */ = {isa = PBXBuildFile; fileRef = 04E128152D3F988B0004430E /* PLQXDataDetailView.swift */; };
		04E128182D3F988B0004430E /* PLQXDataDetailView.xib in Resources */ = {isa = PBXBuildFile; fileRef = 04E128162D3F988B0004430E /* PLQXDataDetailView.xib */; };
		04E1281B2D4098C60004430E /* M9X2SpectraFrame.swift in Sources */ = {isa = PBXBuildFile; fileRef = 04E128192D4098C60004430E /* M9X2SpectraFrame.swift */; };
		04E1281C2D4098C60004430E /* M9X2SpectraFrame.xib in Resources */ = {isa = PBXBuildFile; fileRef = 04E1281A2D4098C60004430E /* M9X2SpectraFrame.xib */; };
		04E1281F2D40EBE00004430E /* QWLOptionHandler.swift in Sources */ = {isa = PBXBuildFile; fileRef = 04E1281D2D40EBE00004430E /* QWLOptionHandler.swift */; };
		04E128202D40EBE00004430E /* QWLOptionHandler.xib in Resources */ = {isa = PBXBuildFile; fileRef = 04E1281E2D40EBE00004430E /* QWLOptionHandler.xib */; };
		04E128232D40F18F0004430E /* HYZTCentralNode.swift in Sources */ = {isa = PBXBuildFile; fileRef = 04E128212D40F18F0004430E /* HYZTCentralNode.swift */; };
		04E128242D40F18F0004430E /* HYZTCentralNode.xib in Resources */ = {isa = PBXBuildFile; fileRef = 04E128222D40F18F0004430E /* HYZTCentralNode.xib */; };
		04E128272D40FA660004430E /* V6Z3NovaClipStream.swift in Sources */ = {isa = PBXBuildFile; fileRef = 04E128252D40FA660004430E /* V6Z3NovaClipStream.swift */; };
		04E128282D40FA660004430E /* V6Z3NovaClipStream.xib in Resources */ = {isa = PBXBuildFile; fileRef = 04E128262D40FA660004430E /* V6Z3NovaClipStream.xib */; };
		8A035C6CBFB5329802227BAE /* Pods_Gintuemojir.framework in Frameworks */ = {isa = PBXBuildFile; fileRef = 65057D74C17694EED63C749F /* Pods_Gintuemojir.framework */; };
		BFF078342D641E7500D97401 /* hollgeuwydasijkthrytjyh.mp4 in Resources */ = {isa = PBXBuildFile; fileRef = BFF078332D641E7500D97401 /* hollgeuwydasijkthrytjyh.mp4 */; };
		BFF078362D641E9900D97401 /* lvorbrdusbhjnkhyertgs.mp4 in Resources */ = {isa = PBXBuildFile; fileRef = BFF078352D641E9900D97401 /* lvorbrdusbhjnkhyertgs.mp4 */; };
		BFF078382D641EB300D97401 /* junipefewasxyiujhkrtyb.mp4 in Resources */ = {isa = PBXBuildFile; fileRef = BFF078372D641EB300D97401 /* junipefewasxyiujhkrtyb.mp4 */; };
		BFF0783A2D641ECD00D97401 /* kiergrebklhytujy.mp4 in Resources */ = {isa = PBXBuildFile; fileRef = BFF078392D641ECD00D97401 /* kiergrebklhytujy.mp4 */; };
		BFF0783C2D641EE700D97401 /* lyrivfbdsijakghtyhjcxz.mp4 in Resources */ = {isa = PBXBuildFile; fileRef = BFF0783B2D641EE700D97401 /* lyrivfbdsijakghtyhjcxz.mp4 */; };
		BFF0783E2D641EFF00D97401 /* montfasjhtryhjyhkhbv.mp4 in Resources */ = {isa = PBXBuildFile; fileRef = BFF0783D2D641EFF00D97401 /* montfasjhtryhjyhkhbv.mp4 */; };
/* End PBXBuildFile section */

/* Begin PBXFileReference section */
		041E0B872D54613B00BE6C0E /* Y3Z9AetherChatNode.swift */ = {isa = PBXFileReference; lastKnownFileType = sourcecode.swift; path = Y3Z9AetherChatNode.swift; sourceTree = "<group>"; };
		041E0B892D54900100BE6C0E /* QXZTUsetaCore.swift */ = {isa = PBXFileReference; lastKnownFileType = sourcecode.swift; path = QXZTUsetaCore.swift; sourceTree = "<group>"; };
		041E0B8A2D54900100BE6C0E /* QXZTUsetaCore.xib */ = {isa = PBXFileReference; lastKnownFileType = file.xib; path = QXZTUsetaCore.xib; sourceTree = "<group>"; };
		041E0B8D2D54903500BE6C0E /* LQXPRDataModule.swift */ = {isa = PBXFileReference; lastKnownFileType = sourcecode.swift; path = LQXPRDataModule.swift; sourceTree = "<group>"; };
		041E0B8E2D54903500BE6C0E /* LQXPRDataModule.xib */ = {isa = PBXFileReference; lastKnownFileType = file.xib; path = LQXPRDataModule.xib; sourceTree = "<group>"; };
		041E0B912D549D5400BE6C0E /* L3V8EchoCommentary.swift */ = {isa = PBXFileReference; lastKnownFileType = sourcecode.swift; path = L3V8EchoCommentary.swift; sourceTree = "<group>"; };
		041E0B922D549D5400BE6C0E /* L3V8EchoCommentary.xib */ = {isa = PBXFileReference; lastKnownFileType = file.xib; path = L3V8EchoCommentary.xib; sourceTree = "<group>"; };
		041E0B952D54A8B500BE6C0E /* Z5WanceCore.swift */ = {isa = PBXFileReference; lastKnownFileType = sourcecode.swift; path = Z5WanceCore.swift; sourceTree = "<group>"; };
		041E0B962D54A8B500BE6C0E /* Z5WanceCore.xib */ = {isa = PBXFileReference; lastKnownFileType = file.xib; path = Z5WanceCore.xib; sourceTree = "<group>"; };
		041E0B992D54AF7400BE6C0E /* M4Z9nceNode.swift */ = {isa = PBXFileReference; lastKnownFileType = sourcecode.swift; path = M4Z9nceNode.swift; sourceTree = "<group>"; };
		041E0B9A2D54AF7400BE6C0E /* M4Z9nceNode.xib */ = {isa = PBXFileReference; lastKnownFileType = file.xib; path = M4Z9nceNode.xib; sourceTree = "<group>"; };
		041E0BA22D55D92700BE6C0E /* BVXUEdandler.swift */ = {isa = PBXFileReference; lastKnownFileType = sourcecode.swift; path = BVXUEdandler.swift; sourceTree = "<group>"; };
		041E0BA32D55D92700BE6C0E /* BVXUEdandler.xib */ = {isa = PBXFileReference; lastKnownFileType = file.xib; path = BVXUEdandler.xib; sourceTree = "<group>"; };
		0439A6652D533035004C86C2 /* X9R6QuantumPlayer.swift */ = {isa = PBXFileReference; lastKnownFileType = sourcecode.swift; path = X9R6QuantumPlayer.swift; sourceTree = "<group>"; };
		0439A6672D5354FC004C86C2 /* XQZPDataNode.swift */ = {isa = PBXFileReference; lastKnownFileType = sourcecode.swift; path = XQZPDataNode.swift; sourceTree = "<group>"; };
		0439A6692D5364FA004C86C2 /* LZQomChatCell.swift */ = {isa = PBXFileReference; lastKnownFileType = sourcecode.swift; path = LZQomChatCell.swift; sourceTree = "<group>"; };
		0448DC812D3E4EAF000E638C /* MOjiToGTEH.plist */ = {isa = PBXFileReference; lastKnownFileType = text.plist.xml; path = MOjiToGTEH.plist; sourceTree = "<group>"; };
		0448DC832D3E542E000E638C /* GTEHVieedeol.plist */ = {isa = PBXFileReference; lastKnownFileType = text.plist.xml; path = GTEHVieedeol.plist; sourceTree = "<group>"; };
		04AB57DF2D39EB9B00DDC681 /* Gintuemojir.app */ = {isa = PBXFileReference; explicitFileType = wrapper.application; includeInIndex = 0; path = Gintuemojir.app; sourceTree = BUILT_PRODUCTS_DIR; };
		04AB57F72D39EBA400DDC681 /* AppDelegate.swift */ = {isa = PBXFileReference; lastKnownFileType = sourcecode.swift; path = AppDelegate.swift; sourceTree = "<group>"; };
		04AB57F82D39EBA400DDC681 /* Assets.xcassets */ = {isa = PBXFileReference; lastKnownFileType = folder.assetcatalog; path = Assets.xcassets; sourceTree = "<group>"; };
		04AB57F92D39EBA400DDC681 /* Info.plist */ = {isa = PBXFileReference; lastKnownFileType = text.plist.xml; path = Info.plist; sourceTree = "<group>"; };
		04AB57FA2D39EBA400DDC681 /* Base */ = {isa = PBXFileReference; lastKnownFileType = file.storyboard; name = Base; path = Base.lproj/LaunchScreen.storyboard; sourceTree = "<group>"; };
		04AB58082D39F73400DDC681 /* XPLRInitHandler.swift */ = {isa = PBXFileReference; lastKnownFileType = sourcecode.swift; path = XPLRInitHandler.swift; sourceTree = "<group>"; };
		04AB58092D39F73400DDC681 /* XPLRInitHandler.xib */ = {isa = PBXFileReference; lastKnownFileType = file.xib; path = XPLRInitHandler.xib; sourceTree = "<group>"; };
		04AB580C2D3A02CA00DDC681 /* WDKRSessionNode.swift */ = {isa = PBXFileReference; lastKnownFileType = sourcecode.swift; path = WDKRSessionNode.swift; sourceTree = "<group>"; };
		04AB580D2D3A02CA00DDC681 /* WDKRSessionNode.xib */ = {isa = PBXFileReference; lastKnownFileType = file.xib; path = WDKRSessionNode.xib; sourceTree = "<group>"; };
		04AB58102D3A095A00DDC681 /* QYVXDataPoint.swift */ = {isa = PBXFileReference; lastKnownFileType = sourcecode.swift; path = QYVXDataPoint.swift; sourceTree = "<group>"; };
		04AB58112D3A095A00DDC681 /* QYVXDataPoint.xib */ = {isa = PBXFileReference; lastKnownFileType = file.xib; path = QYVXDataPoint.xib; sourceTree = "<group>"; };
		04AB58142D3A293900DDC681 /* ZLNXWidgetCore.swift */ = {isa = PBXFileReference; lastKnownFileType = sourcecode.swift; path = ZLNXWidgetCore.swift; sourceTree = "<group>"; };
		04AB58172D3A2C6400DDC681 /* Z5Q8VortexBrew.swift */ = {isa = PBXFileReference; lastKnownFileType = sourcecode.swift; path = Z5Q8VortexBrew.swift; sourceTree = "<group>"; };
		04AB58182D3A2C6400DDC681 /* Z5Q8VortexBrew.xib */ = {isa = PBXFileReference; lastKnownFileType = file.xib; path = Z5Q8VortexBrew.xib; sourceTree = "<group>"; };
		04AB581D2D3A2C9600DDC681 /* KXPRHomePage.swift */ = {isa = PBXFileReference; lastKnownFileType = sourcecode.swift; path = KXPRHomePage.swift; sourceTree = "<group>"; };
		04AB581E2D3A2C9600DDC681 /* KXPRHafgage.xib */ = {isa = PBXFileReference; lastKnownFileType = file.xib; path = KXPRHafgage.xib; sourceTree = "<group>"; };
		04AB58212D3A2CA200DDC681 /* VYKEFlowManager.swift */ = {isa = PBXFileReference; lastKnownFileType = sourcecode.swift; path = VYKEFlowManager.swift; sourceTree = "<group>"; };
		04AB58222D3A2CA200DDC681 /* VYKEFlowManager.xib */ = {isa = PBXFileReference; lastKnownFileType = file.xib; path = VYKEFlowManager.xib; sourceTree = "<group>"; };
		04AB58272D3A372000DDC681 /* F7L9NebulaAnchor.swift */ = {isa = PBXFileReference; lastKnownFileType = sourcecode.swift; path = F7L9NebulaAnchor.swift; sourceTree = "<group>"; };
		04AB58282D3A372000DDC681 /* F7L9NebulaAnchor.xib */ = {isa = PBXFileReference; lastKnownFileType = file.xib; path = F7L9NebulaAnchor.xib; sourceTree = "<group>"; };
		04AB582B2D3A3AE500DDC681 /* X7T9NebulaTalkCell.swift */ = {isa = PBXFileReference; lastKnownFileType = sourcecode.swift; path = X7T9NebulaTalkCell.swift; sourceTree = "<group>"; };
		04AB582C2D3A3AE500DDC681 /* X7T9NebulaTalkCell.xib */ = {isa = PBXFileReference; lastKnownFileType = file.xib; path = X7T9NebulaTalkCell.xib; sourceTree = "<group>"; };
		04E127F22D3F4EAC0004430E /* KZQXPopularDrink.swift */ = {isa = PBXFileReference; lastKnownFileType = sourcecode.swift; path = KZQXPopularDrink.swift; sourceTree = "<group>"; };
		04E127F32D3F4EAC0004430E /* KZQXPopularDrink.xib */ = {isa = PBXFileReference; lastKnownFileType = file.xib; path = KZQXPopularDrink.xib; sourceTree = "<group>"; };
		04E127F62D3F50990004430E /* VQZTPopularItemCell.swift */ = {isa = PBXFileReference; lastKnownFileType = sourcecode.swift; path = VQZTPopularItemCell.swift; sourceTree = "<group>"; };
		04E127F72D3F50990004430E /* VQZTPopularItemCell.xib */ = {isa = PBXFileReference; lastKnownFileType = file.xib; path = VQZTPopularItemCell.xib; sourceTree = "<group>"; };
		04E127FB2D3F71510004430E /* Z8K5VortexMessageHub.swift */ = {isa = PBXFileReference; lastKnownFileType = sourcecode.swift; path = Z8K5VortexMessageHub.swift; sourceTree = "<group>"; };
		04E127FC2D3F71510004430E /* Z8K5VortexMessageHub.xib */ = {isa = PBXFileReference; lastKnownFileType = file.xib; path = Z8K5VortexMessageHub.xib; sourceTree = "<group>"; };
		04E127FF2D3F717B0004430E /* QX7RSearchPulseCore.swift */ = {isa = PBXFileReference; lastKnownFileType = sourcecode.swift; path = QX7RSearchPulseCore.swift; sourceTree = "<group>"; };
		04E128002D3F717B0004430E /* QX7RSearchPulseCore.xib */ = {isa = PBXFileReference; lastKnownFileType = file.xib; path = QX7RSearchPulseCore.xib; sourceTree = "<group>"; };
		04E128032D3F71D50004430E /* W4X2AetherMixCore.swift */ = {isa = PBXFileReference; lastKnownFileType = sourcecode.swift; path = W4X2AetherMixCore.swift; sourceTree = "<group>"; };
		04E128042D3F71D50004430E /* W4X2AetherMixCore.xib */ = {isa = PBXFileReference; lastKnownFileType = file.xib; path = W4X2AetherMixCore.xib; sourceTree = "<group>"; };
		04E128082D3F72390004430E /* XYTomConfiguration.swift */ = {isa = PBXFileReference; lastKnownFileType = sourcecode.swift; path = XYTomConfiguration.swift; sourceTree = "<group>"; };
		04E128092D3F72390004430E /* XYTomConfiguration.xib */ = {isa = PBXFileReference; lastKnownFileType = file.xib; path = XYTomConfiguration.xib; sourceTree = "<group>"; };
		04E1280D2D3F72840004430E /* KPTZAchievementDetail.swift */ = {isa = PBXFileReference; lastKnownFileType = sourcecode.swift; path = KPTZAchievementDetail.swift; sourceTree = "<group>"; };
		04E1280E2D3F72840004430E /* KPTZAchievementDetail.xib */ = {isa = PBXFileReference; lastKnownFileType = file.xib; path = KPTZAchievementDetail.xib; sourceTree = "<group>"; };
		04E128112D3F730D0004430E /* ZPXQStepDetailView.swift */ = {isa = PBXFileReference; lastKnownFileType = sourcecode.swift; path = ZPXQStepDetailView.swift; sourceTree = "<group>"; };
		04E128122D3F730D0004430E /* ZPXQStepDetailView.xib */ = {isa = PBXFileReference; lastKnownFileType = file.xib; path = ZPXQStepDetailView.xib; sourceTree = "<group>"; };
		04E128152D3F988B0004430E /* PLQXDataDetailView.swift */ = {isa = PBXFileReference; lastKnownFileType = sourcecode.swift; path = PLQXDataDetailView.swift; sourceTree = "<group>"; };
		04E128162D3F988B0004430E /* PLQXDataDetailView.xib */ = {isa = PBXFileReference; lastKnownFileType = file.xib; path = PLQXDataDetailView.xib; sourceTree = "<group>"; };
		04E128192D4098C60004430E /* M9X2SpectraFrame.swift */ = {isa = PBXFileReference; lastKnownFileType = sourcecode.swift; path = M9X2SpectraFrame.swift; sourceTree = "<group>"; };
		04E1281A2D4098C60004430E /* M9X2SpectraFrame.xib */ = {isa = PBXFileReference; lastKnownFileType = file.xib; path = M9X2SpectraFrame.xib; sourceTree = "<group>"; };
		04E1281D2D40EBE00004430E /* QWLOptionHandler.swift */ = {isa = PBXFileReference; lastKnownFileType = sourcecode.swift; path = QWLOptionHandler.swift; sourceTree = "<group>"; };
		04E1281E2D40EBE00004430E /* QWLOptionHandler.xib */ = {isa = PBXFileReference; lastKnownFileType = file.xib; path = QWLOptionHandler.xib; sourceTree = "<group>"; };
		04E128212D40F18F0004430E /* HYZTCentralNode.swift */ = {isa = PBXFileReference; lastKnownFileType = sourcecode.swift; path = HYZTCentralNode.swift; sourceTree = "<group>"; };
		04E128222D40F18F0004430E /* HYZTCentralNode.xib */ = {isa = PBXFileReference; lastKnownFileType = file.xib; path = HYZTCentralNode.xib; sourceTree = "<group>"; };
		04E128252D40FA660004430E /* V6Z3NovaClipStream.swift */ = {isa = PBXFileReference; lastKnownFileType = sourcecode.swift; path = V6Z3NovaClipStream.swift; sourceTree = "<group>"; };
		04E128262D40FA660004430E /* V6Z3NovaClipStream.xib */ = {isa = PBXFileReference; lastKnownFileType = file.xib; path = V6Z3NovaClipStream.xib; sourceTree = "<group>"; };
		65057D74C17694EED63C749F /* Pods_Gintuemojir.framework */ = {isa = PBXFileReference; explicitFileType = wrapper.framework; includeInIndex = 0; path = Pods_Gintuemojir.framework; sourceTree = BUILT_PRODUCTS_DIR; };
		9262D8580A5D865F65F7EAE0 /* Pods-Gintuemojir.release.xcconfig */ = {isa = PBXFileReference; includeInIndex = 1; lastKnownFileType = text.xcconfig; name = "Pods-Gintuemojir.release.xcconfig"; path = "Target Support Files/Pods-Gintuemojir/Pods-Gintuemojir.release.xcconfig"; sourceTree = "<group>"; };
		BFF078332D641E7500D97401 /* hollgeuwydasijkthrytjyh.mp4 */ = {isa = PBXFileReference; lastKnownFileType = file; path = hollgeuwydasijkthrytjyh.mp4; sourceTree = "<group>"; };
		BFF078352D641E9900D97401 /* lvorbrdusbhjnkhyertgs.mp4 */ = {isa = PBXFileReference; lastKnownFileType = file; path = lvorbrdusbhjnkhyertgs.mp4; sourceTree = "<group>"; };
		BFF078372D641EB300D97401 /* junipefewasxyiujhkrtyb.mp4 */ = {isa = PBXFileReference; lastKnownFileType = file; path = junipefewasxyiujhkrtyb.mp4; sourceTree = "<group>"; };
		BFF078392D641ECD00D97401 /* kiergrebklhytujy.mp4 */ = {isa = PBXFileReference; lastKnownFileType = file; path = kiergrebklhytujy.mp4; sourceTree = "<group>"; };
		BFF0783B2D641EE700D97401 /* lyrivfbdsijakghtyhjcxz.mp4 */ = {isa = PBXFileReference; lastKnownFileType = file; path = lyrivfbdsijakghtyhjcxz.mp4; sourceTree = "<group>"; };
		BFF0783D2D641EFF00D97401 /* montfasjhtryhjyhkhbv.mp4 */ = {isa = PBXFileReference; lastKnownFileType = file; path = montfasjhtryhjyhkhbv.mp4; sourceTree = "<group>"; };
		DCFEBCA9A0874BC8E687EC56 /* Pods-Gintuemojir.debug.xcconfig */ = {isa = PBXFileReference; includeInIndex = 1; lastKnownFileType = text.xcconfig; name = "Pods-Gintuemojir.debug.xcconfig"; path = "Target Support Files/Pods-Gintuemojir/Pods-Gintuemojir.debug.xcconfig"; sourceTree = "<group>"; };
/* End PBXFileReference section */

/* Begin PBXFrameworksBuildPhase section */
		04AB57DC2D39EB9B00DDC681 /* Frameworks */ = {
			isa = PBXFrameworksBuildPhase;
			buildActionMask = 2147483647;
			files = (
				04347A2F2D642C7F0098D1A0 /* SVProgressHUD in Frameworks */,
				8A035C6CBFB5329802227BAE /* Pods_Gintuemojir.framework in Frameworks */,
			);
			runOnlyForDeploymentPostprocessing = 0;
		};
/* End PBXFrameworksBuildPhase section */

/* Begin PBXGroup section */
		04AB57D62D39EB9B00DDC681 = {
			isa = PBXGroup;
			children = (
				04AB58002D39EBA400DDC681 /* Gintuemojir */,
				04AB57E02D39EB9B00DDC681 /* Products */,
				3DE29B3B1CAC8EF55074CABA /* Pods */,
				C9E956FA35856426B3B817CF /* Frameworks */,
			);
			sourceTree = "<group>";
		};
		04AB57E02D39EB9B00DDC681 /* Products */ = {
			isa = PBXGroup;
			children = (
				04AB57DF2D39EB9B00DDC681 /* Gintuemojir.app */,
			);
			name = Products;
			sourceTree = "<group>";
		};
		04AB58002D39EBA400DDC681 /* Gintuemojir */ = {
			isa = PBXGroup;
			children = (
				04AB581C2D3A2C7D00DDC681 /* ZQNXCoreUnit */,
				04AB581B2D3A2C7200DDC681 /* PRBTHomeBase */,
				04AB58162D3A2C2800DDC681 /* V7X4HyperVision */,
				04AB57F72D39EBA400DDC681 /* AppDelegate.swift */,
				04AB57F82D39EBA400DDC681 /* Assets.xcassets */,
				04AB57F92D39EBA400DDC681 /* Info.plist */,
				04AB57FB2D39EBA400DDC681 /* LaunchScreen.storyboard */,
				04AB58082D39F73400DDC681 /* XPLRInitHandler.swift */,
				04AB58092D39F73400DDC681 /* XPLRInitHandler.xib */,
				04AB580C2D3A02CA00DDC681 /* WDKRSessionNode.swift */,
				04AB580D2D3A02CA00DDC681 /* WDKRSessionNode.xib */,
				04AB58102D3A095A00DDC681 /* QYVXDataPoint.swift */,
				04AB58112D3A095A00DDC681 /* QYVXDataPoint.xib */,
				04AB58142D3A293900DDC681 /* ZLNXWidgetCore.swift */,
				0439A6672D5354FC004C86C2 /* XQZPDataNode.swift */,
			);
			path = Gintuemojir;
			sourceTree = "<group>";
		};
		04AB58162D3A2C2800DDC681 /* V7X4HyperVision */ = {
			isa = PBXGroup;
			children = (
				04AB58172D3A2C6400DDC681 /* Z5Q8VortexBrew.swift */,
				04AB58182D3A2C6400DDC681 /* Z5Q8VortexBrew.xib */,
				04E128192D4098C60004430E /* M9X2SpectraFrame.swift */,
				04E1281A2D4098C60004430E /* M9X2SpectraFrame.xib */,
				04E128252D40FA660004430E /* V6Z3NovaClipStream.swift */,
				04E128262D40FA660004430E /* V6Z3NovaClipStream.xib */,
				0439A6652D533035004C86C2 /* X9R6QuantumPlayer.swift */,
				041E0B912D549D5400BE6C0E /* L3V8EchoCommentary.swift */,
				041E0B922D549D5400BE6C0E /* L3V8EchoCommentary.xib */,
				041E0B952D54A8B500BE6C0E /* Z5WanceCore.swift */,
				041E0B962D54A8B500BE6C0E /* Z5WanceCore.xib */,
				041E0B992D54AF7400BE6C0E /* M4Z9nceNode.swift */,
				041E0B9A2D54AF7400BE6C0E /* M4Z9nceNode.xib */,
			);
			path = V7X4HyperVision;
			sourceTree = "<group>";
		};
		04AB581B2D3A2C7200DDC681 /* PRBTHomeBase */ = {
			isa = PBXGroup;
			children = (
				04E1280C2D3F72700004430E /* MZPTDetailView */,
				04E128072D3F72260004430E /* KPRVRoomCreator */,
				04E127FA2D3F6F480004430E /* TQYV_Popular */,
				04AB581D2D3A2C9600DDC681 /* KXPRHomePage.swift */,
				04AB581E2D3A2C9600DDC681 /* KXPRHafgage.xib */,
				04AB58272D3A372000DDC681 /* F7L9NebulaAnchor.swift */,
				04AB58282D3A372000DDC681 /* F7L9NebulaAnchor.xib */,
				04AB582B2D3A3AE500DDC681 /* X7T9NebulaTalkCell.swift */,
				04AB582C2D3A3AE500DDC681 /* X7T9NebulaTalkCell.xib */,
				0448DC812D3E4EAF000E638C /* MOjiToGTEH.plist */,
				0448DC832D3E542E000E638C /* GTEHVieedeol.plist */,
				BFF078332D641E7500D97401 /* hollgeuwydasijkthrytjyh.mp4 */,
				BFF078352D641E9900D97401 /* lvorbrdusbhjnkhyertgs.mp4 */,
				BFF078372D641EB300D97401 /* junipefewasxyiujhkrtyb.mp4 */,
				BFF078392D641ECD00D97401 /* kiergrebklhytujy.mp4 */,
				BFF0783B2D641EE700D97401 /* lyrivfbdsijakghtyhjcxz.mp4 */,
				BFF0783D2D641EFF00D97401 /* montfasjhtryhjyhkhbv.mp4 */,
				04E127FB2D3F71510004430E /* Z8K5VortexMessageHub.swift */,
				04E127FC2D3F71510004430E /* Z8K5VortexMessageHub.xib */,
				04E127FF2D3F717B0004430E /* QX7RSearchPulseCore.swift */,
				04E128002D3F717B0004430E /* QX7RSearchPulseCore.xib */,
				04E128032D3F71D50004430E /* W4X2AetherMixCore.swift */,
				04E128042D3F71D50004430E /* W4X2AetherMixCore.xib */,
				041E0B872D54613B00BE6C0E /* Y3Z9AetherChatNode.swift */,
			);
			path = PRBTHomeBase;
			sourceTree = "<group>";
		};
		04AB581C2D3A2C7D00DDC681 /* ZQNXCoreUnit */ = {
			isa = PBXGroup;
			children = (
				04AB58212D3A2CA200DDC681 /* VYKEFlowManager.swift */,
				04AB58222D3A2CA200DDC681 /* VYKEFlowManager.xib */,
				04E1281D2D40EBE00004430E /* QWLOptionHandler.swift */,
				04E1281E2D40EBE00004430E /* QWLOptionHandler.xib */,
				04E128212D40F18F0004430E /* HYZTCentralNode.swift */,
				04E128222D40F18F0004430E /* HYZTCentralNode.xib */,
				041E0B892D54900100BE6C0E /* QXZTUsetaCore.swift */,
				041E0B8A2D54900100BE6C0E /* QXZTUsetaCore.xib */,
				041E0B8D2D54903500BE6C0E /* LQXPRDataModule.swift */,
				041E0B8E2D54903500BE6C0E /* LQXPRDataModule.xib */,
				041E0BA22D55D92700BE6C0E /* BVXUEdandler.swift */,
				041E0BA32D55D92700BE6C0E /* BVXUEdandler.xib */,
			);
			path = ZQNXCoreUnit;
			sourceTree = "<group>";
		};
		04E127FA2D3F6F480004430E /* TQYV_Popular */ = {
			isa = PBXGroup;
			children = (
				04E127F22D3F4EAC0004430E /* KZQXPopularDrink.swift */,
				04E127F32D3F4EAC0004430E /* KZQXPopularDrink.xib */,
				04E127F62D3F50990004430E /* VQZTPopularItemCell.swift */,
				04E127F72D3F50990004430E /* VQZTPopularItemCell.xib */,
				04E128112D3F730D0004430E /* ZPXQStepDetailView.swift */,
				04E128122D3F730D0004430E /* ZPXQStepDetailView.xib */,
			);
			path = TQYV_Popular;
			sourceTree = "<group>";
		};
		04E128072D3F72260004430E /* KPRVRoomCreator */ = {
			isa = PBXGroup;
			children = (
				04E128082D3F72390004430E /* XYTomConfiguration.swift */,
				04E128092D3F72390004430E /* XYTomConfiguration.xib */,
			);
			path = KPRVRoomCreator;
			sourceTree = "<group>";
		};
		04E1280C2D3F72700004430E /* MZPTDetailView */ = {
			isa = PBXGroup;
			children = (
				04E1280D2D3F72840004430E /* KPTZAchievementDetail.swift */,
				04E1280E2D3F72840004430E /* KPTZAchievementDetail.xib */,
				04E128152D3F988B0004430E /* PLQXDataDetailView.swift */,
				04E128162D3F988B0004430E /* PLQXDataDetailView.xib */,
				0439A6692D5364FA004C86C2 /* LZQomChatCell.swift */,
			);
			path = MZPTDetailView;
			sourceTree = "<group>";
		};
		3DE29B3B1CAC8EF55074CABA /* Pods */ = {
			isa = PBXGroup;
			children = (
				DCFEBCA9A0874BC8E687EC56 /* Pods-Gintuemojir.debug.xcconfig */,
				9262D8580A5D865F65F7EAE0 /* Pods-Gintuemojir.release.xcconfig */,
			);
			path = Pods;
			sourceTree = "<group>";
		};
		C9E956FA35856426B3B817CF /* Frameworks */ = {
			isa = PBXGroup;
			children = (
				65057D74C17694EED63C749F /* Pods_Gintuemojir.framework */,
			);
			name = Frameworks;
			sourceTree = "<group>";
		};
/* End PBXGroup section */

/* Begin PBXNativeTarget section */
		04AB57DE2D39EB9B00DDC681 /* Gintuemojir */ = {
			isa = PBXNativeTarget;
			buildConfigurationList = 04AB57F22D39EB9C00DDC681 /* Build configuration list for PBXNativeTarget "Gintuemojir" */;
			buildPhases = (
				20A4A69EA67EE3B51D99ED98 /* [CP] Check Pods Manifest.lock */,
				04AB57DB2D39EB9B00DDC681 /* Sources */,
				04AB57DC2D39EB9B00DDC681 /* Frameworks */,
				04AB57DD2D39EB9B00DDC681 /* Resources */,
				EC7F7B6A3B47D765CF3C0E9F /* [CP] Embed Pods Frameworks */,
				5226163ED99FC06FA327FA0E /* [CP] Copy Pods Resources */,
			);
			buildRules = (
			);
			dependencies = (
			);
			name = Gintuemojir;
			productName = Gintuemojir;
			productReference = 04AB57DF2D39EB9B00DDC681 /* Gintuemojir.app */;
			productType = "com.apple.product-type.application";
		};
/* End PBXNativeTarget section */

/* Begin PBXProject section */
		04AB57D72D39EB9B00DDC681 /* Project object */ = {
			isa = PBXProject;
			attributes = {
				BuildIndependentTargetsInParallel = 1;
				CLASSPREFIX = GTEM;
				LastSwiftUpdateCheck = 1610;
				LastUpgradeCheck = 1610;
				TargetAttributes = {
					04AB57DE2D39EB9B00DDC681 = {
						CreatedOnToolsVersion = 16.1;
					};
				};
			};
			buildConfigurationList = 04AB57DA2D39EB9B00DDC681 /* Build configuration list for PBXProject "Gintuemojir" */;
			developmentRegion = en;
			hasScannedForEncodings = 0;
			knownRegions = (
				en,
				Base,
			);
			mainGroup = 04AB57D62D39EB9B00DDC681;
			minimizedProjectReferenceProxies = 1;
			packageReferences = (
				04347A2D2D642C7F0098D1A0 /* XCRemoteSwiftPackageReference "SVProgressHUD" */,
			);
			preferredProjectObjectVersion = 77;
			productRefGroup = 04AB57E02D39EB9B00DDC681 /* Products */;
			projectDirPath = "";
			projectRoot = "";
			targets = (
				04AB57DE2D39EB9B00DDC681 /* Gintuemojir */,
			);
		};
/* End PBXProject section */

/* Begin PBXResourcesBuildPhase section */
		04AB57DD2D39EB9B00DDC681 /* Resources */ = {
			isa = PBXResourcesBuildPhase;
			buildActionMask = 2147483647;
			files = (
				BFF0783C2D641EE700D97401 /* lyrivfbdsijakghtyhjcxz.mp4 in Resources */,
				04E128142D3F730D0004430E /* ZPXQStepDetailView.xib in Resources */,
				04E1281C2D4098C60004430E /* M9X2SpectraFrame.xib in Resources */,
				04AB58042D39EBA400DDC681 /* Assets.xcassets in Resources */,
				BFF078382D641EB300D97401 /* junipefewasxyiujhkrtyb.mp4 in Resources */,
				0448DC842D3E542E000E638C /* GTEHVieedeol.plist in Resources */,
				04E128102D3F72840004430E /* KPTZAchievementDetail.xib in Resources */,
				041E0B942D549D5400BE6C0E /* L3V8EchoCommentary.xib in Resources */,
				04E128202D40EBE00004430E /* QWLOptionHandler.xib in Resources */,
				BFF0783A2D641ECD00D97401 /* kiergrebklhytujy.mp4 in Resources */,
				04AB58062D39EBA400DDC681 /* LaunchScreen.storyboard in Resources */,
				04AB582E2D3A3AE500DDC681 /* X7T9NebulaTalkCell.xib in Resources */,
				04AB580F2D3A02CA00DDC681 /* WDKRSessionNode.xib in Resources */,
				041E0BA42D55D92700BE6C0E /* BVXUEdandler.xib in Resources */,
				04E127F92D3F50990004430E /* VQZTPopularItemCell.xib in Resources */,
				04E128242D40F18F0004430E /* HYZTCentralNode.xib in Resources */,
				04E128062D3F71D50004430E /* W4X2AetherMixCore.xib in Resources */,
				BFF078362D641E9900D97401 /* lvorbrdusbhjnkhyertgs.mp4 in Resources */,
				04E1280B2D3F72390004430E /* XYTomConfiguration.xib in Resources */,
				0448DC822D3E4EAF000E638C /* MOjiToGTEH.plist in Resources */,
				04E127FE2D3F71510004430E /* Z8K5VortexMessageHub.xib in Resources */,
				04AB58132D3A095A00DDC681 /* QYVXDataPoint.xib in Resources */,
				04AB58242D3A2CA200DDC681 /* VYKEFlowManager.xib in Resources */,
				04E127F52D3F4EAC0004430E /* KZQXPopularDrink.xib in Resources */,
				041E0B982D54A8B500BE6C0E /* Z5WanceCore.xib in Resources */,
				041E0B8C2D54900100BE6C0E /* QXZTUsetaCore.xib in Resources */,
				BFF078342D641E7500D97401 /* hollgeuwydasijkthrytjyh.mp4 in Resources */,
				04E128022D3F717B0004430E /* QX7RSearchPulseCore.xib in Resources */,
				04E128182D3F988B0004430E /* PLQXDataDetailView.xib in Resources */,
				04AB58202D3A2C9600DDC681 /* KXPRHafgage.xib in Resources */,
				041E0B9C2D54AF7400BE6C0E /* M4Z9nceNode.xib in Resources */,
				04AB581A2D3A2C6400DDC681 /* Z5Q8VortexBrew.xib in Resources */,
				04AB582A2D3A372000DDC681 /* F7L9NebulaAnchor.xib in Resources */,
				04E128282D40FA660004430E /* V6Z3NovaClipStream.xib in Resources */,
				BFF0783E2D641EFF00D97401 /* montfasjhtryhjyhkhbv.mp4 in Resources */,
				041E0B902D54903500BE6C0E /* LQXPRDataModule.xib in Resources */,
				04AB580B2D39F73400DDC681 /* XPLRInitHandler.xib in Resources */,
			);
			runOnlyForDeploymentPostprocessing = 0;
		};
/* End PBXResourcesBuildPhase section */

/* Begin PBXShellScriptBuildPhase section */
		20A4A69EA67EE3B51D99ED98 /* [CP] Check Pods Manifest.lock */ = {
			isa = PBXShellScriptBuildPhase;
			buildActionMask = 2147483647;
			files = (
			);
			inputFileListPaths = (
			);
			inputPaths = (
				"${PODS_PODFILE_DIR_PATH}/Podfile.lock",
				"${PODS_ROOT}/Manifest.lock",
			);
			name = "[CP] Check Pods Manifest.lock";
			outputFileListPaths = (
			);
			outputPaths = (
				"$(DERIVED_FILE_DIR)/Pods-Gintuemojir-checkManifestLockResult.txt",
			);
			runOnlyForDeploymentPostprocessing = 0;
			shellPath = /bin/sh;
			shellScript = "diff \"${PODS_PODFILE_DIR_PATH}/Podfile.lock\" \"${PODS_ROOT}/Manifest.lock\" > /dev/null\nif [ $? != 0 ] ; then\n    # print error to STDERR\n    echo \"error: The sandbox is not in sync with the Podfile.lock. Run 'pod install' or update your CocoaPods installation.\" >&2\n    exit 1\nfi\n# This output is used by Xcode 'outputs' to avoid re-running this script phase.\necho \"SUCCESS\" > \"${SCRIPT_OUTPUT_FILE_0}\"\n";
			showEnvVarsInLog = 0;
		};
		5226163ED99FC06FA327FA0E /* [CP] Copy Pods Resources */ = {
			isa = PBXShellScriptBuildPhase;
			buildActionMask = 2147483647;
			files = (
			);
			inputFileListPaths = (
				"${PODS_ROOT}/Target Support Files/Pods-Gintuemojir/Pods-Gintuemojir-resources-${CONFIGURATION}-input-files.xcfilelist",
			);
			name = "[CP] Copy Pods Resources";
			outputFileListPaths = (
				"${PODS_ROOT}/Target Support Files/Pods-Gintuemojir/Pods-Gintuemojir-resources-${CONFIGURATION}-output-files.xcfilelist",
			);
			runOnlyForDeploymentPostprocessing = 0;
			shellPath = /bin/sh;
			shellScript = "\"${PODS_ROOT}/Target Support Files/Pods-Gintuemojir/Pods-Gintuemojir-resources.sh\"\n";
			showEnvVarsInLog = 0;
		};
		EC7F7B6A3B47D765CF3C0E9F /* [CP] Embed Pods Frameworks */ = {
			isa = PBXShellScriptBuildPhase;
			buildActionMask = 2147483647;
			files = (
			);
			inputFileListPaths = (
				"${PODS_ROOT}/Target Support Files/Pods-Gintuemojir/Pods-Gintuemojir-frameworks-${CONFIGURATION}-input-files.xcfilelist",
			);
			name = "[CP] Embed Pods Frameworks";
			outputFileListPaths = (
				"${PODS_ROOT}/Target Support Files/Pods-Gintuemojir/Pods-Gintuemojir-frameworks-${CONFIGURATION}-output-files.xcfilelist",
			);
			runOnlyForDeploymentPostprocessing = 0;
			shellPath = /bin/sh;
			shellScript = "\"${PODS_ROOT}/Target Support Files/Pods-Gintuemojir/Pods-Gintuemojir-frameworks.sh\"\n";
			showEnvVarsInLog = 0;
		};
/* End PBXShellScriptBuildPhase section */

/* Begin PBXSourcesBuildPhase section */
		04AB57DB2D39EB9B00DDC681 /* Sources */ = {
			isa = PBXSourcesBuildPhase;
			buildActionMask = 2147483647;
			files = (
				04AB58292D3A372000DDC681 /* F7L9NebulaAnchor.swift in Sources */,
				041E0B8F2D54903500BE6C0E /* LQXPRDataModule.swift in Sources */,
				04AB58232D3A2CA200DDC681 /* VYKEFlowManager.swift in Sources */,
				04E1281F2D40EBE00004430E /* QWLOptionHandler.swift in Sources */,
				0439A66A2D5364FA004C86C2 /* LZQomChatCell.swift in Sources */,
				041E0B882D54613B00BE6C0E /* Y3Z9AetherChatNode.swift in Sources */,
				04E1280F2D3F72840004430E /* KPTZAchievementDetail.swift in Sources */,
				041E0B972D54A8B500BE6C0E /* Z5WanceCore.swift in Sources */,
				04AB580A2D39F73400DDC681 /* XPLRInitHandler.swift in Sources */,
				04E128052D3F71D50004430E /* W4X2AetherMixCore.swift in Sources */,
				04E128272D40FA660004430E /* V6Z3NovaClipStream.swift in Sources */,
				04E127FD2D3F71510004430E /* Z8K5VortexMessageHub.swift in Sources */,
				04E128132D3F730D0004430E /* ZPXQStepDetailView.swift in Sources */,
				04E127F42D3F4EAC0004430E /* KZQXPopularDrink.swift in Sources */,
				041E0B9B2D54AF7400BE6C0E /* M4Z9nceNode.swift in Sources */,
				04E128012D3F717B0004430E /* QX7RSearchPulseCore.swift in Sources */,
				04E128232D40F18F0004430E /* HYZTCentralNode.swift in Sources */,
				041E0B8B2D54900100BE6C0E /* QXZTUsetaCore.swift in Sources */,
				041E0BA52D55D92700BE6C0E /* BVXUEdandler.swift in Sources */,
				04AB58152D3A293900DDC681 /* ZLNXWidgetCore.swift in Sources */,
				0439A6662D533035004C86C2 /* X9R6QuantumPlayer.swift in Sources */,
				04E127F82D3F50990004430E /* VQZTPopularItemCell.swift in Sources */,
				04AB580E2D3A02CA00DDC681 /* WDKRSessionNode.swift in Sources */,
				04AB58012D39EBA400DDC681 /* AppDelegate.swift in Sources */,
				041E0B932D549D5400BE6C0E /* L3V8EchoCommentary.swift in Sources */,
				04E128172D3F988B0004430E /* PLQXDataDetailView.swift in Sources */,
				04AB582D2D3A3AE500DDC681 /* X7T9NebulaTalkCell.swift in Sources */,
				04AB58192D3A2C6400DDC681 /* Z5Q8VortexBrew.swift in Sources */,
				04AB581F2D3A2C9600DDC681 /* KXPRHomePage.swift in Sources */,
				0439A6682D5354FC004C86C2 /* XQZPDataNode.swift in Sources */,
				04E1281B2D4098C60004430E /* M9X2SpectraFrame.swift in Sources */,
				04AB58122D3A095A00DDC681 /* QYVXDataPoint.swift in Sources */,
				04E1280A2D3F72390004430E /* XYTomConfiguration.swift in Sources */,
			);
			runOnlyForDeploymentPostprocessing = 0;
		};
/* End PBXSourcesBuildPhase section */

/* Begin PBXVariantGroup section */
		04AB57FB2D39EBA400DDC681 /* LaunchScreen.storyboard */ = {
			isa = PBXVariantGroup;
			children = (
				04AB57FA2D39EBA400DDC681 /* Base */,
			);
			name = LaunchScreen.storyboard;
			sourceTree = "<group>";
		};
/* End PBXVariantGroup section */

/* Begin XCBuildConfiguration section */
		04AB57F32D39EB9C00DDC681 /* Debug */ = {
			isa = XCBuildConfiguration;
			baseConfigurationReference = DCFEBCA9A0874BC8E687EC56 /* Pods-Gintuemojir.debug.xcconfig */;
			buildSettings = {
				ASSETCATALOG_COMPILER_APPICON_NAME = AppIcon;
				ASSETCATALOG_COMPILER_GLOBAL_ACCENT_COLOR_NAME = AccentColor;
				CODE_SIGN_STYLE = Automatic;
				CURRENT_PROJECT_VERSION = 12;
				DEVELOPMENT_TEAM = "";
				ENABLE_USER_SCRIPT_SANDBOXING = NO;
				EXCLUDED_ARCHS = "";
				GENERATE_INFOPLIST_FILE = YES;
				INFOPLIST_FILE = Gintuemojir/Info.plist;
				INFOPLIST_KEY_CFBundleDisplayName = Ginne;
				INFOPLIST_KEY_LSApplicationCategoryType = "";
				INFOPLIST_KEY_NSCameraUsageDescription = "Allow access to your camera to take profile photos, upload room covers, record videos, and enable video calls.";
				INFOPLIST_KEY_NSMicrophoneUsageDescription = "Enable microphone access for audio during video calls and when recording videos with sound.";
				INFOPLIST_KEY_NSPhotoLibraryAddUsageDescription = "Allow saving processed photos/videos to your library after editing or downloading content.";
				INFOPLIST_KEY_NSPhotoLibraryUsageDescription = "Access your photo library to select existing photos/videos for profile pictures, room covers, and uploading content creation.";
				INFOPLIST_KEY_UIApplicationSupportsIndirectInputEvents = YES;
				INFOPLIST_KEY_UILaunchStoryboardName = LaunchScreen.storyboard;
				INFOPLIST_KEY_UIMainStoryboardFile = "";
				INFOPLIST_KEY_UISupportedInterfaceOrientations = UIInterfaceOrientationPortrait;
				INFOPLIST_KEY_UISupportedInterfaceOrientations_iPad = "UIInterfaceOrientationLandscapeLeft UIInterfaceOrientationLandscapeRight UIInterfaceOrientationPortrait UIInterfaceOrientationPortraitUpsideDown";
				IPHONEOS_DEPLOYMENT_TARGET = 15.6;
				LD_RUNPATH_SEARCH_PATHS = (
					"$(inherited)",
					"@executable_path/Frameworks",
				);
				MARKETING_VERSION = 1.0;
				PRODUCT_BUNDLE_IDENTIFIER = com.gunntuemo.ginne;
				PRODUCT_NAME = "$(TARGET_NAME)";
				SUPPORTED_PLATFORMS = "iphoneos iphonesimulator";
				SUPPORTS_MACCATALYST = NO;
				SUPPORTS_MAC_DESIGNED_FOR_IPHONE_IPAD = NO;
				SUPPORTS_XR_DESIGNED_FOR_IPHONE_IPAD = NO;
				SWIFT_EMIT_LOC_STRINGS = YES;
				SWIFT_VERSION = 5.0;
				TARGETED_DEVICE_FAMILY = 1;
			};
			name = Debug;
		};
		04AB57F42D39EB9C00DDC681 /* Release */ = {
			isa = XCBuildConfiguration;
			baseConfigurationReference = 9262D8580A5D865F65F7EAE0 /* Pods-Gintuemojir.release.xcconfig */;
			buildSettings = {
				ASSETCATALOG_COMPILER_APPICON_NAME = AppIcon;
				ASSETCATALOG_COMPILER_GLOBAL_ACCENT_COLOR_NAME = AccentColor;
				CODE_SIGN_STYLE = Automatic;
				CURRENT_PROJECT_VERSION = 12;
				DEVELOPMENT_TEAM = "";
				ENABLE_USER_SCRIPT_SANDBOXING = NO;
				EXCLUDED_ARCHS = "";
				GENERATE_INFOPLIST_FILE = YES;
				INFOPLIST_FILE = Gintuemojir/Info.plist;
				INFOPLIST_KEY_CFBundleDisplayName = Ginne;
				INFOPLIST_KEY_LSApplicationCategoryType = "";
				INFOPLIST_KEY_NSCameraUsageDescription = "Allow access to your camera to take profile photos, upload room covers, record videos, and enable video calls.";
				INFOPLIST_KEY_NSMicrophoneUsageDescription = "Enable microphone access for audio during video calls and when recording videos with sound.";
				INFOPLIST_KEY_NSPhotoLibraryAddUsageDescription = "Allow saving processed photos/videos to your library after editing or downloading content.";
				INFOPLIST_KEY_NSPhotoLibraryUsageDescription = "Access your photo library to select existing photos/videos for profile pictures, room covers, and uploading content creation.";
				INFOPLIST_KEY_UIApplicationSupportsIndirectInputEvents = YES;
				INFOPLIST_KEY_UILaunchStoryboardName = LaunchScreen.storyboard;
				INFOPLIST_KEY_UIMainStoryboardFile = "";
				INFOPLIST_KEY_UISupportedInterfaceOrientations = UIInterfaceOrientationPortrait;
				INFOPLIST_KEY_UISupportedInterfaceOrientations_iPad = "UIInterfaceOrientationLandscapeLeft UIInterfaceOrientationLandscapeRight UIInterfaceOrientationPortrait UIInterfaceOrientationPortraitUpsideDown";
				IPHONEOS_DEPLOYMENT_TARGET = 15.6;
				LD_RUNPATH_SEARCH_PATHS = (
					"$(inherited)",
					"@executable_path/Frameworks",
				);
				MARKETING_VERSION = 1.0;
				PRODUCT_BUNDLE_IDENTIFIER = com.gunntuemo.ginne;
				PRODUCT_NAME = "$(TARGET_NAME)";
				SUPPORTED_PLATFORMS = "iphoneos iphonesimulator";
				SUPPORTS_MACCATALYST = NO;
				SUPPORTS_MAC_DESIGNED_FOR_IPHONE_IPAD = NO;
				SUPPORTS_XR_DESIGNED_FOR_IPHONE_IPAD = NO;
				SWIFT_EMIT_LOC_STRINGS = YES;
				SWIFT_VERSION = 5.0;
				TARGETED_DEVICE_FAMILY = 1;
			};
			name = Release;
		};
		04AB57F52D39EB9C00DDC681 /* Debug */ = {
			isa = XCBuildConfiguration;
			buildSettings = {
				ALWAYS_SEARCH_USER_PATHS = NO;
				ASSETCATALOG_COMPILER_GENERATE_SWIFT_ASSET_SYMBOL_EXTENSIONS = YES;
				CLANG_ANALYZER_NONNULL = YES;
				CLANG_ANALYZER_NUMBER_OBJECT_CONVERSION = YES_AGGRESSIVE;
				CLANG_CXX_LANGUAGE_STANDARD = "gnu++20";
				CLANG_ENABLE_MODULES = YES;
				CLANG_ENABLE_OBJC_ARC = YES;
				CLANG_ENABLE_OBJC_WEAK = YES;
				CLANG_WARN_BLOCK_CAPTURE_AUTORELEASING = YES;
				CLANG_WARN_BOOL_CONVERSION = YES;
				CLANG_WARN_COMMA = YES;
				CLANG_WARN_CONSTANT_CONVERSION = YES;
				CLANG_WARN_DEPRECATED_OBJC_IMPLEMENTATIONS = YES;
				CLANG_WARN_DIRECT_OBJC_ISA_USAGE = YES_ERROR;
				CLANG_WARN_DOCUMENTATION_COMMENTS = YES;
				CLANG_WARN_EMPTY_BODY = YES;
				CLANG_WARN_ENUM_CONVERSION = YES;
				CLANG_WARN_INFINITE_RECURSION = YES;
				CLANG_WARN_INT_CONVERSION = YES;
				CLANG_WARN_NON_LITERAL_NULL_CONVERSION = YES;
				CLANG_WARN_OBJC_IMPLICIT_RETAIN_SELF = YES;
				CLANG_WARN_OBJC_LITERAL_CONVERSION = YES;
				CLANG_WARN_OBJC_ROOT_CLASS = YES_ERROR;
				CLANG_WARN_QUOTED_INCLUDE_IN_FRAMEWORK_HEADER = YES;
				CLANG_WARN_RANGE_LOOP_ANALYSIS = YES;
				CLANG_WARN_STRICT_PROTOTYPES = YES;
				CLANG_WARN_SUSPICIOUS_MOVE = YES;
				CLANG_WARN_UNGUARDED_AVAILABILITY = YES_AGGRESSIVE;
				CLANG_WARN_UNREACHABLE_CODE = YES;
				CLANG_WARN__DUPLICATE_METHOD_MATCH = YES;
				COPY_PHASE_STRIP = NO;
				DEBUG_INFORMATION_FORMAT = dwarf;
				ENABLE_STRICT_OBJC_MSGSEND = YES;
				ENABLE_TESTABILITY = YES;
				ENABLE_USER_SCRIPT_SANDBOXING = YES;
				GCC_C_LANGUAGE_STANDARD = gnu17;
				GCC_DYNAMIC_NO_PIC = NO;
				GCC_NO_COMMON_BLOCKS = YES;
				GCC_OPTIMIZATION_LEVEL = 0;
				GCC_PREPROCESSOR_DEFINITIONS = (
					"DEBUG=1",
					"$(inherited)",
				);
				GCC_WARN_64_TO_32_BIT_CONVERSION = YES;
				GCC_WARN_ABOUT_RETURN_TYPE = YES_ERROR;
				GCC_WARN_UNDECLARED_SELECTOR = YES;
				GCC_WARN_UNINITIALIZED_AUTOS = YES_AGGRESSIVE;
				GCC_WARN_UNUSED_FUNCTION = YES;
				GCC_WARN_UNUSED_VARIABLE = YES;
				IPHONEOS_DEPLOYMENT_TARGET = 18.1;
				LOCALIZATION_PREFERS_STRING_CATALOGS = YES;
				MTL_ENABLE_DEBUG_INFO = INCLUDE_SOURCE;
				MTL_FAST_MATH = YES;
				ONLY_ACTIVE_ARCH = YES;
				SDKROOT = iphoneos;
				SWIFT_ACTIVE_COMPILATION_CONDITIONS = "DEBUG $(inherited)";
				SWIFT_OPTIMIZATION_LEVEL = "-Onone";
			};
			name = Debug;
		};
		04AB57F62D39EB9C00DDC681 /* Release */ = {
			isa = XCBuildConfiguration;
			buildSettings = {
				ALWAYS_SEARCH_USER_PATHS = NO;
				ASSETCATALOG_COMPILER_GENERATE_SWIFT_ASSET_SYMBOL_EXTENSIONS = YES;
				CLANG_ANALYZER_NONNULL = YES;
				CLANG_ANALYZER_NUMBER_OBJECT_CONVERSION = YES_AGGRESSIVE;
				CLANG_CXX_LANGUAGE_STANDARD = "gnu++20";
				CLANG_ENABLE_MODULES = YES;
				CLANG_ENABLE_OBJC_ARC = YES;
				CLANG_ENABLE_OBJC_WEAK = YES;
				CLANG_WARN_BLOCK_CAPTURE_AUTORELEASING = YES;
				CLANG_WARN_BOOL_CONVERSION = YES;
				CLANG_WARN_COMMA = YES;
				CLANG_WARN_CONSTANT_CONVERSION = YES;
				CLANG_WARN_DEPRECATED_OBJC_IMPLEMENTATIONS = YES;
				CLANG_WARN_DIRECT_OBJC_ISA_USAGE = YES_ERROR;
				CLANG_WARN_DOCUMENTATION_COMMENTS = YES;
				CLANG_WARN_EMPTY_BODY = YES;
				CLANG_WARN_ENUM_CONVERSION = YES;
				CLANG_WARN_INFINITE_RECURSION = YES;
				CLANG_WARN_INT_CONVERSION = YES;
				CLANG_WARN_NON_LITERAL_NULL_CONVERSION = YES;
				CLANG_WARN_OBJC_IMPLICIT_RETAIN_SELF = YES;
				CLANG_WARN_OBJC_LITERAL_CONVERSION = YES;
				CLANG_WARN_OBJC_ROOT_CLASS = YES_ERROR;
				CLANG_WARN_QUOTED_INCLUDE_IN_FRAMEWORK_HEADER = YES;
				CLANG_WARN_RANGE_LOOP_ANALYSIS = YES;
				CLANG_WARN_STRICT_PROTOTYPES = YES;
				CLANG_WARN_SUSPICIOUS_MOVE = YES;
				CLANG_WARN_UNGUARDED_AVAILABILITY = YES_AGGRESSIVE;
				CLANG_WARN_UNREACHABLE_CODE = YES;
				CLANG_WARN__DUPLICATE_METHOD_MATCH = YES;
				COPY_PHASE_STRIP = NO;
				DEBUG_INFORMATION_FORMAT = "dwarf-with-dsym";
				ENABLE_NS_ASSERTIONS = NO;
				ENABLE_STRICT_OBJC_MSGSEND = YES;
				ENABLE_USER_SCRIPT_SANDBOXING = YES;
				GCC_C_LANGUAGE_STANDARD = gnu17;
				GCC_NO_COMMON_BLOCKS = YES;
				GCC_WARN_64_TO_32_BIT_CONVERSION = YES;
				GCC_WARN_ABOUT_RETURN_TYPE = YES_ERROR;
				GCC_WARN_UNDECLARED_SELECTOR = YES;
				GCC_WARN_UNINITIALIZED_AUTOS = YES_AGGRESSIVE;
				GCC_WARN_UNUSED_FUNCTION = YES;
				GCC_WARN_UNUSED_VARIABLE = YES;
				IPHONEOS_DEPLOYMENT_TARGET = 18.1;
				LOCALIZATION_PREFERS_STRING_CATALOGS = YES;
				MTL_ENABLE_DEBUG_INFO = NO;
				MTL_FAST_MATH = YES;
				SDKROOT = iphoneos;
				SWIFT_COMPILATION_MODE = wholemodule;
				VALIDATE_PRODUCT = YES;
			};
			name = Release;
		};
/* End XCBuildConfiguration section */

/* Begin XCConfigurationList section */
		04AB57DA2D39EB9B00DDC681 /* Build configuration list for PBXProject "Gintuemojir" */ = {
			isa = XCConfigurationList;
			buildConfigurations = (
				04AB57F52D39EB9C00DDC681 /* Debug */,
				04AB57F62D39EB9C00DDC681 /* Release */,
			);
			defaultConfigurationIsVisible = 0;
			defaultConfigurationName = Release;
		};
		04AB57F22D39EB9C00DDC681 /* Build configuration list for PBXNativeTarget "Gintuemojir" */ = {
			isa = XCConfigurationList;
			buildConfigurations = (
				04AB57F32D39EB9C00DDC681 /* Debug */,
				04AB57F42D39EB9C00DDC681 /* Release */,
			);
			defaultConfigurationIsVisible = 0;
			defaultConfigurationName = Release;
		};
/* End XCConfigurationList section */

/* Begin XCRemoteSwiftPackageReference section */
		04347A2D2D642C7F0098D1A0 /* XCRemoteSwiftPackageReference "SVProgressHUD" */ = {
			isa = XCRemoteSwiftPackageReference;
			repositoryURL = "https://github.com/SVProgressHUD/SVProgressHUD.git";
			requirement = {
				kind = upToNextMajorVersion;
				minimumVersion = 2.3.1;
			};
		};
/* End XCRemoteSwiftPackageReference section */

/* Begin XCSwiftPackageProductDependency section */
		04347A2E2D642C7F0098D1A0 /* SVProgressHUD */ = {
			isa = XCSwiftPackageProductDependency;
			package = 04347A2D2D642C7F0098D1A0 /* XCRemoteSwiftPackageReference "SVProgressHUD" */;
			productName = SVProgressHUD;
		};
/* End XCSwiftPackageProductDependency section */
	};
	rootObject = 04AB57D72D39EB9B00DDC681 /* Project object */;
}
